{
  "meteor": {},
  "dependencies": {
    "basePackages": {
      "bootstrap-themes": {}
    },
    "packages": {
      "bootstrap-themes": {
        "git": "https://github.com/eprochasson/meteor-bootstrap-themes",
        "tag": "v0.0.5",
        "commit": "7b711bd22646db199662bc05fea1df6ad5cc4c22"
      }
    }
  }
}
